
Microsoft Visual Studio Solution File, Format Version 12.00
# Visual Studio Version 17
VisualStudioVersion = 17.6.33815.320
MinimumVisualStudioVersion = 10.0.40219.1
Project("{FAE04EC0-301F-11D3-BF4B-00C04F79EFBC}") = "StudentManagement", "StudentManagement\StudentManagement.csproj", "{63124EA5-2589-4EFA-9272-AD5197DA5DE2}"
EndProject
Global
	GlobalSection(SolutionConfigurationPlatforms) = preSolution
		Debug|Any CPU = Debug|Any CPU
		Release|Any CPU = Release|Any CPU
	EndGlobalSection
	GlobalSection(ProjectConfigurationPlatforms) = postSolution
		{63124EA5-2589-4EFA-9272-AD5197DA5DE2}.Debug|Any CPU.ActiveCfg = Debug|Any CPU
		{63124EA5-2589-4EFA-9272-AD5197DA5DE2}.Debug|Any CPU.Build.0 = Debug|Any CPU
		{63124EA5-2589-4EFA-9272-AD5197DA5DE2}.Release|Any CPU.ActiveCfg = Release|Any CPU
		{63124EA5-2589-4EFA-9272-AD5197DA5DE2}.Release|Any CPU.Build.0 = Release|Any CPU
	EndGlobalSection
	GlobalSection(SolutionProperties) = preSolution
		HideSolutionNode = FALSE
	EndGlobalSection
	GlobalSection(ExtensibilityGlobals) = postSolution
		SolutionGuid = {A3F51012-2411-42D1-B002-07D264913973}
	EndGlobalSection
EndGlobal
